// !$*UTF8*$!
{
	archiveVersion = 1;
	classes = {
	};
	objectVersion = 56;
	objects = {

/* Begin PBXBuildFile section */
		160AB0D12B59286B00C08880 /* CustomFloatingButton.swift in Sources */ = {isa = PBXBuildFile; fileRef = 160AB0D02B59286B00C08880 /* CustomFloatingButton.swift */; };
		16B72CB62B467D7E006FE6F1 /* Date+Extension.swift in Sources */ = {isa = PBXBuildFile; fileRef = 16B72CB52B467D7E006FE6F1 /* Date+Extension.swift */; };
		16BA912C2B3CD937008B53C8 /* AppDelegate.swift in Sources */ = {isa = PBXBuildFile; fileRef = 16BA912B2B3CD937008B53C8 /* AppDelegate.swift */; };
		16BA91332B3CD937008B53C8 /* Main.storyboard in Resources */ = {isa = PBXBuildFile; fileRef = 16BA91312B3CD937008B53C8 /* Main.storyboard */; };
		16BA91352B3CD93A008B53C8 /* Assets.xcassets in Resources */ = {isa = PBXBuildFile; fileRef = 16BA91342B3CD93A008B53C8 /* Assets.xcassets */; };
		16BD13562B432AF7000F3BCC /* ApiError.swift in Sources */ = {isa = PBXBuildFile; fileRef = 16BD13552B432AF7000F3BCC /* ApiError.swift */; };
		16BD13582B432BE4000F3BCC /* ApiHelper.swift in Sources */ = {isa = PBXBuildFile; fileRef = 16BD13572B432BE4000F3BCC /* ApiHelper.swift */; };
		16BD135D2B433C0D000F3BCC /* HomeViewModel.swift in Sources */ = {isa = PBXBuildFile; fileRef = 16BD135C2B433C0D000F3BCC /* HomeViewModel.swift */; };
		16BD7FB12B3E265D00B28D77 /* HomeViewController.swift in Sources */ = {isa = PBXBuildFile; fileRef = 16BD7FB02B3E265D00B28D77 /* HomeViewController.swift */; };
		16BD7FB52B3E29DD00B28D77 /* Logger.swift in Sources */ = {isa = PBXBuildFile; fileRef = 16BD7FB42B3E29DD00B28D77 /* Logger.swift */; };
		16BD7FB72B3E519800B28D77 /* LogModel.swift in Sources */ = {isa = PBXBuildFile; fileRef = 16BD7FB62B3E519800B28D77 /* LogModel.swift */; };
		16DB67F32B42246C00263877 /* APIClientRepositoryProtocol.swift in Sources */ = {isa = PBXBuildFile; fileRef = 16DB67F22B42246C00263877 /* APIClientRepositoryProtocol.swift */; };
		16DB67F52B4225E700263877 /* APIClient.swift in Sources */ = {isa = PBXBuildFile; fileRef = 16DB67F42B4225E700263877 /* APIClient.swift */; };
		16DB67F82B42321000263877 /* APIClientRepository.swift in Sources */ = {isa = PBXBuildFile; fileRef = 16DB67F72B42321000263877 /* APIClientRepository.swift */; };
		16DB67FD2B4236B900263877 /* LoggerStatus.swift in Sources */ = {isa = PBXBuildFile; fileRef = 16DB67FC2B4236B900263877 /* LoggerStatus.swift */; };
		16DB67FF2B42381100263877 /* ApiEndpoint.swift in Sources */ = {isa = PBXBuildFile; fileRef = 16DB67FE2B42381100263877 /* ApiEndpoint.swift */; };
		16EBFED32B44BF3500F6B99E /* DataProvider.swift in Sources */ = {isa = PBXBuildFile; fileRef = 16EBFED22B44BF3500F6B99E /* DataProvider.swift */; };
/* End PBXBuildFile section */

/* Begin PBXFileReference section */
		160AB0D02B59286B00C08880 /* CustomFloatingButton.swift */ = {isa = PBXFileReference; lastKnownFileType = sourcecode.swift; path = CustomFloatingButton.swift; sourceTree = "<group>"; };
		16B72CB52B467D7E006FE6F1 /* Date+Extension.swift */ = {isa = PBXFileReference; lastKnownFileType = sourcecode.swift; path = "Date+Extension.swift"; sourceTree = "<group>"; };
		16BA91282B3CD937008B53C8 /* Logger Task.app */ = {isa = PBXFileReference; explicitFileType = wrapper.application; includeInIndex = 0; path = "Logger Task.app"; sourceTree = BUILT_PRODUCTS_DIR; };
		16BA912B2B3CD937008B53C8 /* AppDelegate.swift */ = {isa = PBXFileReference; lastKnownFileType = sourcecode.swift; path = AppDelegate.swift; sourceTree = "<group>"; };
		16BA91322B3CD937008B53C8 /* Base */ = {isa = PBXFileReference; lastKnownFileType = file.storyboard; name = Base; path = Base.lproj/Main.storyboard; sourceTree = "<group>"; };
		16BA91342B3CD93A008B53C8 /* Assets.xcassets */ = {isa = PBXFileReference; lastKnownFileType = folder.assetcatalog; path = Assets.xcassets; sourceTree = "<group>"; };
		16BA91392B3CD93A008B53C8 /* Info.plist */ = {isa = PBXFileReference; lastKnownFileType = text.plist.xml; path = Info.plist; sourceTree = "<group>"; };
		16BD13552B432AF7000F3BCC /* ApiError.swift */ = {isa = PBXFileReference; lastKnownFileType = sourcecode.swift; path = ApiError.swift; sourceTree = "<group>"; };
		16BD13572B432BE4000F3BCC /* ApiHelper.swift */ = {isa = PBXFileReference; lastKnownFileType = sourcecode.swift; path = ApiHelper.swift; sourceTree = "<group>"; };
		16BD135C2B433C0D000F3BCC /* HomeViewModel.swift */ = {isa = PBXFileReference; lastKnownFileType = sourcecode.swift; path = HomeViewModel.swift; sourceTree = "<group>"; };
		16BD7FB02B3E265D00B28D77 /* HomeViewController.swift */ = {isa = PBXFileReference; lastKnownFileType = sourcecode.swift; path = HomeViewController.swift; sourceTree = "<group>"; };
		16BD7FB42B3E29DD00B28D77 /* Logger.swift */ = {isa = PBXFileReference; lastKnownFileType = sourcecode.swift; path = Logger.swift; sourceTree = "<group>"; };
		16BD7FB62B3E519800B28D77 /* LogModel.swift */ = {isa = PBXFileReference; lastKnownFileType = sourcecode.swift; path = LogModel.swift; sourceTree = "<group>"; };
		16DB67F22B42246C00263877 /* APIClientRepositoryProtocol.swift */ = {isa = PBXFileReference; lastKnownFileType = sourcecode.swift; path = APIClientRepositoryProtocol.swift; sourceTree = "<group>"; };
		16DB67F42B4225E700263877 /* APIClient.swift */ = {isa = PBXFileReference; lastKnownFileType = sourcecode.swift; path = APIClient.swift; sourceTree = "<group>"; };
		16DB67F72B42321000263877 /* APIClientRepository.swift */ = {isa = PBXFileReference; lastKnownFileType = sourcecode.swift; path = APIClientRepository.swift; sourceTree = "<group>"; };
		16DB67FC2B4236B900263877 /* LoggerStatus.swift */ = {isa = PBXFileReference; lastKnownFileType = sourcecode.swift; path = LoggerStatus.swift; sourceTree = "<group>"; };
		16DB67FE2B42381100263877 /* ApiEndpoint.swift */ = {isa = PBXFileReference; lastKnownFileType = sourcecode.swift; path = ApiEndpoint.swift; sourceTree = "<group>"; };
		16EBFED22B44BF3500F6B99E /* DataProvider.swift */ = {isa = PBXFileReference; lastKnownFileType = sourcecode.swift; path = DataProvider.swift; sourceTree = "<group>"; };
/* End PBXFileReference section */

/* Begin PBXFrameworksBuildPhase section */
		16BA91252B3CD937008B53C8 /* Frameworks */ = {
			isa = PBXFrameworksBuildPhase;
			buildActionMask = 2147483647;
			files = (
			);
			runOnlyForDeploymentPostprocessing = 0;
		};
/* End PBXFrameworksBuildPhase section */

/* Begin PBXGroup section */
		160AB0CF2B59283E00C08880 /* Utilities */ = {
			isa = PBXGroup;
			children = (
				160AB0D02B59286B00C08880 /* CustomFloatingButton.swift */,
			);
			path = Utilities;
			sourceTree = "<group>";
		};
		16B72CB72B468BAD006FE6F1 /* Extensions */ = {
			isa = PBXGroup;
			children = (
				16B72CB52B467D7E006FE6F1 /* Date+Extension.swift */,
			);
			path = Extensions;
			sourceTree = "<group>";
		};
		16BA911F2B3CD937008B53C8 = {
			isa = PBXGroup;
			children = (
				16BA912A2B3CD937008B53C8 /* Logger Task */,
				16BA91292B3CD937008B53C8 /* Products */,
			);
			sourceTree = "<group>";
		};
		16BA91292B3CD937008B53C8 /* Products */ = {
			isa = PBXGroup;
			children = (
				16BA91282B3CD937008B53C8 /* Logger Task.app */,
			);
			name = Products;
			sourceTree = "<group>";
		};
		16BA912A2B3CD937008B53C8 /* Logger Task */ = {
			isa = PBXGroup;
			children = (
				16DB67EB2B42053700263877 /* Data */,
				16BD7FB22B3E29C600B28D77 /* Domain */,
				16BD7FAA2B3E25A900B28D77 /* Presentation */,
				16BD7FA92B3E259A00B28D77 /* Application */,
				16BD7FA82B3E24DA00B28D77 /* Resources */,
				16BA91392B3CD93A008B53C8 /* Info.plist */,
			);
			path = "Logger Task";
			sourceTree = "<group>";
		};
		16BD13592B433AA8000F3BCC /* ViewModel */ = {
			isa = PBXGroup;
			children = (
				16BD135C2B433C0D000F3BCC /* HomeViewModel.swift */,
			);
			path = ViewModel;
			sourceTree = "<group>";
		};
		16BD7FA82B3E24DA00B28D77 /* Resources */ = {
			isa = PBXGroup;
			children = (
				16BA91342B3CD93A008B53C8 /* Assets.xcassets */,
			);
			path = Resources;
			sourceTree = "<group>";
		};
		16BD7FA92B3E259A00B28D77 /* Application */ = {
			isa = PBXGroup;
			children = (
				16BA912B2B3CD937008B53C8 /* AppDelegate.swift */,
			);
			path = Application;
			sourceTree = "<group>";
		};
		16BD7FAA2B3E25A900B28D77 /* Presentation */ = {
			isa = PBXGroup;
			children = (
				16BD7FAD2B3E25E200B28D77 /* Home */,
			);
			path = Presentation;
			sourceTree = "<group>";
		};
		16BD7FAD2B3E25E200B28D77 /* Home */ = {
			isa = PBXGroup;
			children = (
				16BD13592B433AA8000F3BCC /* ViewModel */,
				16BD7FAF2B3E262500B28D77 /* ViewController */,
				16BD7FAE2B3E261900B28D77 /* View */,
			);
			path = Home;
			sourceTree = "<group>";
		};
		16BD7FAE2B3E261900B28D77 /* View */ = {
			isa = PBXGroup;
			children = (
				16BA91312B3CD937008B53C8 /* Main.storyboard */,
			);
			path = View;
			sourceTree = "<group>";
		};
		16BD7FAF2B3E262500B28D77 /* ViewController */ = {
			isa = PBXGroup;
			children = (
				16BD7FB02B3E265D00B28D77 /* HomeViewController.swift */,
			);
			path = ViewController;
			sourceTree = "<group>";
		};
		16BD7FB22B3E29C600B28D77 /* Domain */ = {
			isa = PBXGroup;
			children = (
				160AB0CF2B59283E00C08880 /* Utilities */,
				16B72CB72B468BAD006FE6F1 /* Extensions */,
				16DB67ED2B4223DD00263877 /* Protocols */,
				16BD7FB32B3E29CC00B28D77 /* Models */,
			);
			path = Domain;
			sourceTree = "<group>";
		};
		16BD7FB32B3E29CC00B28D77 /* Models */ = {
			isa = PBXGroup;
			children = (
				16BD7FB62B3E519800B28D77 /* LogModel.swift */,
				16DB67FC2B4236B900263877 /* LoggerStatus.swift */,
			);
			path = Models;
			sourceTree = "<group>";
		};
		16DB67EB2B42053700263877 /* Data */ = {
			isa = PBXGroup;
			children = (
				16EBFED42B44F22000F6B99E /* Logger */,
				16EBFED52B44F3AB00F6B99E /* FileManager */,
				16DB67F62B4231F900263877 /* Repository */,
				16DB67EC2B42053E00263877 /* Network */,
			);
			path = Data;
			sourceTree = "<group>";
		};
		16DB67EC2B42053E00263877 /* Network */ = {
			isa = PBXGroup;
			children = (
				16DB67F42B4225E700263877 /* APIClient.swift */,
				16DB67FE2B42381100263877 /* ApiEndpoint.swift */,
				16BD13552B432AF7000F3BCC /* ApiError.swift */,
				16BD13572B432BE4000F3BCC /* ApiHelper.swift */,
			);
			path = Network;
			sourceTree = "<group>";
		};
		16DB67ED2B4223DD00263877 /* Protocols */ = {
			isa = PBXGroup;
			children = (
				16DB67F22B42246C00263877 /* APIClientRepositoryProtocol.swift */,
			);
			path = Protocols;
			sourceTree = "<group>";
		};
		16DB67F62B4231F900263877 /* Repository */ = {
			isa = PBXGroup;
			children = (
				16DB67F72B42321000263877 /* APIClientRepository.swift */,
			);
			path = Repository;
			sourceTree = "<group>";
		};
		16EBFED42B44F22000F6B99E /* Logger */ = {
			isa = PBXGroup;
			children = (
				16BD7FB42B3E29DD00B28D77 /* Logger.swift */,
			);
			path = Logger;
			sourceTree = "<group>";
		};
		16EBFED52B44F3AB00F6B99E /* FileManager */ = {
			isa = PBXGroup;
			children = (
				16EBFED22B44BF3500F6B99E /* DataProvider.swift */,
			);
			path = FileManager;
			sourceTree = "<group>";
		};
/* End PBXGroup section */

/* Begin PBXNativeTarget section */
		16BA91272B3CD937008B53C8 /* Logger Task */ = {
			isa = PBXNativeTarget;
			buildConfigurationList = 16BA913C2B3CD93A008B53C8 /* Build configuration list for PBXNativeTarget "Logger Task" */;
			buildPhases = (
				16BA91242B3CD937008B53C8 /* Sources */,
				16BA91252B3CD937008B53C8 /* Frameworks */,
				16BA91262B3CD937008B53C8 /* Resources */,
			);
			buildRules = (
			);
			dependencies = (
			);
			name = "Logger Task";
			productName = "Logger Task";
			productReference = 16BA91282B3CD937008B53C8 /* Logger Task.app */;
			productType = "com.apple.product-type.application";
		};
/* End PBXNativeTarget section */

/* Begin PBXProject section */
		16BA91202B3CD937008B53C8 /* Project object */ = {
			isa = PBXProject;
			attributes = {
				BuildIndependentTargetsInParallel = 1;
				LastSwiftUpdateCheck = 1430;
				LastUpgradeCheck = 1430;
				TargetAttributes = {
					16BA91272B3CD937008B53C8 = {
						CreatedOnToolsVersion = 14.3;
					};
				};
			};
			buildConfigurationList = 16BA91232B3CD937008B53C8 /* Build configuration list for PBXProject "Logger Task" */;
			compatibilityVersion = "Xcode 14.0";
			developmentRegion = en;
			hasScannedForEncodings = 0;
			knownRegions = (
				en,
				Base,
			);
			mainGroup = 16BA911F2B3CD937008B53C8;
			productRefGroup = 16BA91292B3CD937008B53C8 /* Products */;
			projectDirPath = "";
			projectRoot = "";
			targets = (
				16BA91272B3CD937008B53C8 /* Logger Task */,
			);
		};
/* End PBXProject section */

/* Begin PBXResourcesBuildPhase section */
		16BA91262B3CD937008B53C8 /* Resources */ = {
			isa = PBXResourcesBuildPhase;
			buildActionMask = 2147483647;
			files = (
				16BA91352B3CD93A008B53C8 /* Assets.xcassets in Resources */,
				16BA91332B3CD937008B53C8 /* Main.storyboard in Resources */,
			);
			runOnlyForDeploymentPostprocessing = 0;
		};
/* End PBXResourcesBuildPhase section */

/* Begin PBXSourcesBuildPhase section */
		16BA91242B3CD937008B53C8 /* Sources */ = {
			isa = PBXSourcesBuildPhase;
			buildActionMask = 2147483647;
			files = (
				16BA912C2B3CD937008B53C8 /* AppDelegate.swift in Sources */,
				16DB67FF2B42381100263877 /* ApiEndpoint.swift in Sources */,
				16DB67F52B4225E700263877 /* APIClient.swift in Sources */,
				16BD7FB12B3E265D00B28D77 /* HomeViewController.swift in Sources */,
				160AB0D12B59286B00C08880 /* CustomFloatingButton.swift in Sources */,
				16BD13562B432AF7000F3BCC /* ApiError.swift in Sources */,
				16DB67F32B42246C00263877 /* APIClientRepositoryProtocol.swift in Sources */,
				16DB67F82B42321000263877 /* APIClientRepository.swift in Sources */,
				16BD135D2B433C0D000F3BCC /* HomeViewModel.swift in Sources */,
				16BD13582B432BE4000F3BCC /* ApiHelper.swift in Sources */,
				16EBFED32B44BF3500F6B99E /* DataProvider.swift in Sources */,
				16BD7FB72B3E519800B28D77 /* LogModel.swift in Sources */,
				16BD7FB52B3E29DD00B28D77 /* Logger.swift in Sources */,
				16B72CB62B467D7E006FE6F1 /* Date+Extension.swift in Sources */,
				16DB67FD2B4236B900263877 /* LoggerStatus.swift in Sources */,
			);
			runOnlyForDeploymentPostprocessing = 0;
		};
/* End PBXSourcesBuildPhase section */

/* Begin PBXVariantGroup section */
		16BA91312B3CD937008B53C8 /* Main.storyboard */ = {
			isa = PBXVariantGroup;
			children = (
				16BA91322B3CD937008B53C8 /* Base */,
			);
			name = Main.storyboard;
			sourceTree = "<group>";
		};
/* End PBXVariantGroup section */

/* Begin XCBuildConfiguration section */
		16BA913A2B3CD93A008B53C8 /* Debug */ = {
			isa = XCBuildConfiguration;
			buildSettings = {
				ALWAYS_SEARCH_USER_PATHS = NO;
				CLANG_ANALYZER_NONNULL = YES;
				CLANG_ANALYZER_NUMBER_OBJECT_CONVERSION = YES_AGGRESSIVE;
				CLANG_CXX_LANGUAGE_STANDARD = "gnu++20";
				CLANG_ENABLE_MODULES = YES;
				CLANG_ENABLE_OBJC_ARC = YES;
				CLANG_ENABLE_OBJC_WEAK = YES;
				CLANG_WARN_BLOCK_CAPTURE_AUTORELEASING = YES;
				CLANG_WARN_BOOL_CONVERSION = YES;
				CLANG_WARN_COMMA = YES;
				CLANG_WARN_CONSTANT_CONVERSION = YES;
				CLANG_WARN_DEPRECATED_OBJC_IMPLEMENTATIONS = YES;
				CLANG_WARN_DIRECT_OBJC_ISA_USAGE = YES_ERROR;
				CLANG_WARN_DOCUMENTATION_COMMENTS = YES;
				CLANG_WARN_EMPTY_BODY = YES;
				CLANG_WARN_ENUM_CONVERSION = YES;
				CLANG_WARN_INFINITE_RECURSION = YES;
				CLANG_WARN_INT_CONVERSION = YES;
				CLANG_WARN_NON_LITERAL_NULL_CONVERSION = YES;
				CLANG_WARN_OBJC_IMPLICIT_RETAIN_SELF = YES;
				CLANG_WARN_OBJC_LITERAL_CONVERSION = YES;
				CLANG_WARN_OBJC_ROOT_CLASS = YES_ERROR;
				CLANG_WARN_QUOTED_INCLUDE_IN_FRAMEWORK_HEADER = YES;
				CLANG_WARN_RANGE_LOOP_ANALYSIS = YES;
				CLANG_WARN_STRICT_PROTOTYPES = YES;
				CLANG_WARN_SUSPICIOUS_MOVE = YES;
				CLANG_WARN_UNGUARDED_AVAILABILITY = YES_AGGRESSIVE;
				CLANG_WARN_UNREACHABLE_CODE = YES;
				CLANG_WARN__DUPLICATE_METHOD_MATCH = YES;
				COPY_PHASE_STRIP = NO;
				DEBUG_INFORMATION_FORMAT = dwarf;
				ENABLE_STRICT_OBJC_MSGSEND = YES;
				ENABLE_TESTABILITY = YES;
				GCC_C_LANGUAGE_STANDARD = gnu11;
				GCC_DYNAMIC_NO_PIC = NO;
				GCC_NO_COMMON_BLOCKS = YES;
				GCC_OPTIMIZATION_LEVEL = 0;
				GCC_PREPROCESSOR_DEFINITIONS = (
					"DEBUG=1",
					"$(inherited)",
				);
				GCC_WARN_64_TO_32_BIT_CONVERSION = YES;
				GCC_WARN_ABOUT_RETURN_TYPE = YES_ERROR;
				GCC_WARN_UNDECLARED_SELECTOR = YES;
				GCC_WARN_UNINITIALIZED_AUTOS = YES_AGGRESSIVE;
				GCC_WARN_UNUSED_FUNCTION = YES;
				GCC_WARN_UNUSED_VARIABLE = YES;
				IPHONEOS_DEPLOYMENT_TARGET = 16.4;
				MTL_ENABLE_DEBUG_INFO = INCLUDE_SOURCE;
				MTL_FAST_MATH = YES;
				ONLY_ACTIVE_ARCH = YES;
				SDKROOT = iphoneos;
				SWIFT_ACTIVE_COMPILATION_CONDITIONS = DEBUG;
				SWIFT_OPTIMIZATION_LEVEL = "-Onone";
			};
			name = Debug;
		};
		16BA913B2B3CD93A008B53C8 /* Release */ = {
			isa = XCBuildConfiguration;
			buildSettings = {
				ALWAYS_SEARCH_USER_PATHS = NO;
				CLANG_ANALYZER_NONNULL = YES;
				CLANG_ANALYZER_NUMBER_OBJECT_CONVERSION = YES_AGGRESSIVE;
				CLANG_CXX_LANGUAGE_STANDARD = "gnu++20";
				CLANG_ENABLE_MODULES = YES;
				CLANG_ENABLE_OBJC_ARC = YES;
				CLANG_ENABLE_OBJC_WEAK = YES;
				CLANG_WARN_BLOCK_CAPTURE_AUTORELEASING = YES;
				CLANG_WARN_BOOL_CONVERSION = YES;
				CLANG_WARN_COMMA = YES;
				CLANG_WARN_CONSTANT_CONVERSION = YES;
				CLANG_WARN_DEPRECATED_OBJC_IMPLEMENTATIONS = YES;
				CLANG_WARN_DIRECT_OBJC_ISA_USAGE = YES_ERROR;
				CLANG_WARN_DOCUMENTATION_COMMENTS = YES;
				CLANG_WARN_EMPTY_BODY = YES;
				CLANG_WARN_ENUM_CONVERSION = YES;
				CLANG_WARN_INFINITE_RECURSION = YES;
				CLANG_WARN_INT_CONVERSION = YES;
				CLANG_WARN_NON_LITERAL_NULL_CONVERSION = YES;
				CLANG_WARN_OBJC_IMPLICIT_RETAIN_SELF = YES;
				CLANG_WARN_OBJC_LITERAL_CONVERSION = YES;
				CLANG_WARN_OBJC_ROOT_CLASS = YES_ERROR;
				CLANG_WARN_QUOTED_INCLUDE_IN_FRAMEWORK_HEADER = YES;
				CLANG_WARN_RANGE_LOOP_ANALYSIS = YES;
				CLANG_WARN_STRICT_PROTOTYPES = YES;
				CLANG_WARN_SUSPICIOUS_MOVE = YES;
				CLANG_WARN_UNGUARDED_AVAILABILITY = YES_AGGRESSIVE;
				CLANG_WARN_UNREACHABLE_CODE = YES;
				CLANG_WARN__DUPLICATE_METHOD_MATCH = YES;
				COPY_PHASE_STRIP = NO;
				DEBUG_INFORMATION_FORMAT = "dwarf-with-dsym";
				ENABLE_NS_ASSERTIONS = NO;
				ENABLE_STRICT_OBJC_MSGSEND = YES;
				GCC_C_LANGUAGE_STANDARD = gnu11;
				GCC_NO_COMMON_BLOCKS = YES;
				GCC_WARN_64_TO_32_BIT_CONVERSION = YES;
				GCC_WARN_ABOUT_RETURN_TYPE = YES_ERROR;
				GCC_WARN_UNDECLARED_SELECTOR = YES;
				GCC_WARN_UNINITIALIZED_AUTOS = YES_AGGRESSIVE;
				GCC_WARN_UNUSED_FUNCTION = YES;
				GCC_WARN_UNUSED_VARIABLE = YES;
				IPHONEOS_DEPLOYMENT_TARGET = 16.4;
				MTL_ENABLE_DEBUG_INFO = NO;
				MTL_FAST_MATH = YES;
				SDKROOT = iphoneos;
				SWIFT_COMPILATION_MODE = wholemodule;
				SWIFT_OPTIMIZATION_LEVEL = "-O";
				VALIDATE_PRODUCT = YES;
			};
			name = Release;
		};
		16BA913D2B3CD93A008B53C8 /* Debug */ = {
			isa = XCBuildConfiguration;
			buildSettings = {
				ASSETCATALOG_COMPILER_APPICON_NAME = AppIcon;
				ASSETCATALOG_COMPILER_GLOBAL_ACCENT_COLOR_NAME = AccentColor;
				CODE_SIGN_STYLE = Automatic;
				CURRENT_PROJECT_VERSION = 1;
				DEVELOPMENT_TEAM = 423H2WJJZL;
				GENERATE_INFOPLIST_FILE = YES;
				INFOPLIST_FILE = "Logger Task/Info.plist";
				INFOPLIST_KEY_UIApplicationSupportsIndirectInputEvents = YES;
				INFOPLIST_KEY_UILaunchStoryboardName = LaunchScreen;
				INFOPLIST_KEY_UIMainStoryboardFile = Main;
				INFOPLIST_KEY_UISupportedInterfaceOrientations_iPad = "UIInterfaceOrientationPortrait UIInterfaceOrientationPortraitUpsideDown UIInterfaceOrientationLandscapeLeft UIInterfaceOrientationLandscapeRight";
				INFOPLIST_KEY_UISupportedInterfaceOrientations_iPhone = "UIInterfaceOrientationPortrait UIInterfaceOrientationLandscapeLeft UIInterfaceOrientationLandscapeRight";
				LD_RUNPATH_SEARCH_PATHS = (
					"$(inherited)",
					"@executable_path/Frameworks",
				);
				MARKETING_VERSION = 1.0;
				PRODUCT_BUNDLE_IDENTIFIER = "Hack.Logger-Task";
				PRODUCT_NAME = "$(TARGET_NAME)";
				SWIFT_EMIT_LOC_STRINGS = YES;
				SWIFT_VERSION = 5.0;
				TARGETED_DEVICE_FAMILY = "1,2";
			};
			name = Debug;
		};
		16BA913E2B3CD93A008B53C8 /* Release */ = {
			isa = XCBuildConfiguration;
			buildSettings = {
				ASSETCATALOG_COMPILER_APPICON_NAME = AppIcon;
				ASSETCATALOG_COMPILER_GLOBAL_ACCENT_COLOR_NAME = AccentColor;
				CODE_SIGN_STYLE = Automatic;
				CURRENT_PROJECT_VERSION = 1;
				DEVELOPMENT_TEAM = 423H2WJJZL;
				GENERATE_INFOPLIST_FILE = YES;
				INFOPLIST_FILE = "Logger Task/Info.plist";
				INFOPLIST_KEY_UIApplicationSupportsIndirectInputEvents = YES;
				INFOPLIST_KEY_UILaunchStoryboardName = LaunchScreen;
				INFOPLIST_KEY_UIMainStoryboardFile = Main;
				INFOPLIST_KEY_UISupportedInterfaceOrientations_iPad = "UIInterfaceOrientationPortrait UIInterfaceOrientationPortraitUpsideDown UIInterfaceOrientationLandscapeLeft UIInterfaceOrientationLandscapeRight";
				INFOPLIST_KEY_UISupportedInterfaceOrientations_iPhone = "UIInterfaceOrientationPortrait UIInterfaceOrientationLandscapeLeft UIInterfaceOrientationLandscapeRight";
				LD_RUNPATH_SEARCH_PATHS = (
					"$(inherited)",
					"@executable_path/Frameworks",
				);
				MARKETING_VERSION = 1.0;
				PRODUCT_BUNDLE_IDENTIFIER = "Hack.Logger-Task";
				PRODUCT_NAME = "$(TARGET_NAME)";
				SWIFT_EMIT_LOC_STRINGS = YES;
				SWIFT_VERSION = 5.0;
				TARGETED_DEVICE_FAMILY = "1,2";
			};
			name = Release;
		};
/* End XCBuildConfiguration section */

/* Begin XCConfigurationList section */
		16BA91232B3CD937008B53C8 /* Build configuration list for PBXProject "Logger Task" */ = {
			isa = XCConfigurationList;
			buildConfigurations = (
				16BA913A2B3CD93A008B53C8 /* Debug */,
				16BA913B2B3CD93A008B53C8 /* Release */,
			);
			defaultConfigurationIsVisible = 0;
			defaultConfigurationName = Release;
		};
		16BA913C2B3CD93A008B53C8 /* Build configuration list for PBXNativeTarget "Logger Task" */ = {
			isa = XCConfigurationList;
			buildConfigurations = (
				16BA913D2B3CD93A008B53C8 /* Debug */,
				16BA913E2B3CD93A008B53C8 /* Release */,
			);
			defaultConfigurationIsVisible = 0;
			defaultConfigurationName = Release;
		};
/* End XCConfigurationList section */
	};
	rootObject = 16BA91202B3CD937008B53C8 /* Project object */;
}
